
Microsoft Visual Studio Solution File, Format Version 12.00
# Visual Studio Version 17
VisualStudioVersion = 17.13.35828.75 d17.13
MinimumVisualStudioVersion = 10.0.40219.1
Project("{FAE04EC0-301F-11D3-BF4B-00C04F79EFBC}") = "SSB Website MVC (Landing, Log-in and Assessment Page)", "SSB Website MVC (Landing, Log-in and Assessment Page)\SSB Website MVC (Landing, Log-in and Assessment Page).csproj", "{E8C8A81E-B8AE-4E78-A504-50D6F2D63D18}"
EndProject
Global
	GlobalSection(SolutionConfigurationPlatforms) = preSolution
		Debug|Any CPU = Debug|Any CPU
		Release|Any CPU = Release|Any CPU
	EndGlobalSection
	GlobalSection(ProjectConfigurationPlatforms) = postSolution
		{E8C8A81E-B8AE-4E78-A504-50D6F2D63D18}.Debug|Any CPU.ActiveCfg = Debug|Any CPU
		{E8C8A81E-B8AE-4E78-A504-50D6F2D63D18}.Debug|Any CPU.Build.0 = Debug|Any CPU
		{E8C8A81E-B8AE-4E78-A504-50D6F2D63D18}.Release|Any CPU.ActiveCfg = Release|Any CPU
		{E8C8A81E-B8AE-4E78-A504-50D6F2D63D18}.Release|Any CPU.Build.0 = Release|Any CPU
	EndGlobalSection
	GlobalSection(SolutionProperties) = preSolution
		HideSolutionNode = FALSE
	EndGlobalSection
	GlobalSection(ExtensibilityGlobals) = postSolution
		SolutionGuid = {D7B4408A-166C-4E66-AF76-AE727263F36D}
	EndGlobalSection
EndGlobal
